// !$*UTF8*$!
{
	archiveVersion = 1;
	classes = {
	};
	objectVersion = 46;
	objects = {

/* Begin PBXBuildFile section */
		2EA4369B1D00BBE1007EEFB1 /* AppDelegate.swift in Sources */ = {isa = PBXBuildFile; fileRef = 2EA4369A1D00BBE1007EEFB1 /* AppDelegate.swift */; };
		2EA436A21D00BBE1007EEFB1 /* Assets.xcassets in Resources */ = {isa = PBXBuildFile; fileRef = 2EA436A11D00BBE1007EEFB1 /* Assets.xcassets */; };
		2EA436A51D00BBE1007EEFB1 /* LaunchScreen.storyboard in Resources */ = {isa = PBXBuildFile; fileRef = 2EA436A31D00BBE1007EEFB1 /* LaunchScreen.storyboard */; };
		2EA436B01D00BBE1007EEFB1 /* The_Amazing_JugglerTests.swift in Sources */ = {isa = PBXBuildFile; fileRef = 2EA436AF1D00BBE1007EEFB1 /* The_Amazing_JugglerTests.swift */; };
		2EA436BB1D00BBE1007EEFB1 /* The_Amazing_JugglerUITests.swift in Sources */ = {isa = PBXBuildFile; fileRef = 2EA436BA1D00BBE1007EEFB1 /* The_Amazing_JugglerUITests.swift */; };
		2EA436CA1D00BC40007EEFB1 /* MenuViewController.swift in Sources */ = {isa = PBXBuildFile; fileRef = 2EA436C81D00BC40007EEFB1 /* MenuViewController.swift */; };
		2EA436CB1D00BC40007EEFB1 /* MenuViewController.xib in Resources */ = {isa = PBXBuildFile; fileRef = 2EA436C91D00BC40007EEFB1 /* MenuViewController.xib */; };
		2EA436D01D00BC59007EEFB1 /* GameViewController.swift in Sources */ = {isa = PBXBuildFile; fileRef = 2EA436CE1D00BC59007EEFB1 /* GameViewController.swift */; };
		2EA436D11D00BC59007EEFB1 /* GameViewController.xib in Resources */ = {isa = PBXBuildFile; fileRef = 2EA436CF1D00BC59007EEFB1 /* GameViewController.xib */; };
		2EA436D41D00BC8D007EEFB1 /* GameScene.swift in Sources */ = {isa = PBXBuildFile; fileRef = 2EA436D31D00BC8D007EEFB1 /* GameScene.swift */; };
		2EA436D81D00BD14007EEFB1 /* MenuViewController+UITouch.swift in Sources */ = {isa = PBXBuildFile; fileRef = 2EA436D71D00BD14007EEFB1 /* MenuViewController+UITouch.swift */; };
		2EA436DA1D00BDD6007EEFB1 /* GameViewController+SKScene.swift in Sources */ = {isa = PBXBuildFile; fileRef = 2EA436D91D00BDD6007EEFB1 /* GameViewController+SKScene.swift */; };
		2EA436DC1D00BFF7007EEFB1 /* GameScene+SKNode.swift in Sources */ = {isa = PBXBuildFile; fileRef = 2EA436DB1D00BFF7007EEFB1 /* GameScene+SKNode.swift */; };
		2EA436DE1D00C056007EEFB1 /* PlayerNode.swift in Sources */ = {isa = PBXBuildFile; fileRef = 2EA436DD1D00C056007EEFB1 /* PlayerNode.swift */; };
		2EA436E01D00C4A7007EEFB1 /* GameScene+UITouch.swift in Sources */ = {isa = PBXBuildFile; fileRef = 2EA436DF1D00C4A7007EEFB1 /* GameScene+UITouch.swift */; };
		2EA436E31D00C77B007EEFB1 /* EasyTimer.swift in Sources */ = {isa = PBXBuildFile; fileRef = 2EA436E11D00C77B007EEFB1 /* EasyTimer.swift */; };
		2EA436E41D00C77B007EEFB1 /* EasyTimerTimeInterval.swift in Sources */ = {isa = PBXBuildFile; fileRef = 2EA436E21D00C77B007EEFB1 /* EasyTimerTimeInterval.swift */; };
		2EA436E81D00CBD8007EEFB1 /* GameScene+SKPhysicsContact.swift in Sources */ = {isa = PBXBuildFile; fileRef = 2EA436E71D00CBD8007EEFB1 /* GameScene+SKPhysicsContact.swift */; };
		2EA436EA1D00D3F4007EEFB1 /* GameViewController+GameScene.swift in Sources */ = {isa = PBXBuildFile; fileRef = 2EA436E91D00D3F4007EEFB1 /* GameViewController+GameScene.swift */; };
/* End PBXBuildFile section */

/* Begin PBXContainerItemProxy section */
		2EA436AC1D00BBE1007EEFB1 /* PBXContainerItemProxy */ = {
			isa = PBXContainerItemProxy;
			containerPortal = 2EA4368F1D00BBE1007EEFB1 /* Project object */;
			proxyType = 1;
			remoteGlobalIDString = 2EA436961D00BBE1007EEFB1;
			remoteInfo = The_Amazing_Juggler;
		};
		2EA436B71D00BBE1007EEFB1 /* PBXContainerItemProxy */ = {
			isa = PBXContainerItemProxy;
			containerPortal = 2EA4368F1D00BBE1007EEFB1 /* Project object */;
			proxyType = 1;
			remoteGlobalIDString = 2EA436961D00BBE1007EEFB1;
			remoteInfo = The_Amazing_Juggler;
		};
/* End PBXContainerItemProxy section */

/* Begin PBXFileReference section */
		2EA436971D00BBE1007EEFB1 /* The_Amazing_Juggler.app */ = {isa = PBXFileReference; explicitFileType = wrapper.application; includeInIndex = 0; path = The_Amazing_Juggler.app; sourceTree = BUILT_PRODUCTS_DIR; };
		2EA4369A1D00BBE1007EEFB1 /* AppDelegate.swift */ = {isa = PBXFileReference; lastKnownFileType = sourcecode.swift; path = AppDelegate.swift; sourceTree = "<group>"; };
		2EA436A11D00BBE1007EEFB1 /* Assets.xcassets */ = {isa = PBXFileReference; lastKnownFileType = folder.assetcatalog; path = Assets.xcassets; sourceTree = "<group>"; };
		2EA436A41D00BBE1007EEFB1 /* Base */ = {isa = PBXFileReference; lastKnownFileType = file.storyboard; name = Base; path = Base.lproj/LaunchScreen.storyboard; sourceTree = "<group>"; };
		2EA436A61D00BBE1007EEFB1 /* Info.plist */ = {isa = PBXFileReference; lastKnownFileType = text.plist.xml; path = Info.plist; sourceTree = "<group>"; };
		2EA436AB1D00BBE1007EEFB1 /* The_Amazing_JugglerTests.xctest */ = {isa = PBXFileReference; explicitFileType = wrapper.cfbundle; includeInIndex = 0; path = The_Amazing_JugglerTests.xctest; sourceTree = BUILT_PRODUCTS_DIR; };
		2EA436AF1D00BBE1007EEFB1 /* The_Amazing_JugglerTests.swift */ = {isa = PBXFileReference; lastKnownFileType = sourcecode.swift; path = The_Amazing_JugglerTests.swift; sourceTree = "<group>"; };
		2EA436B11D00BBE1007EEFB1 /* Info.plist */ = {isa = PBXFileReference; lastKnownFileType = text.plist.xml; path = Info.plist; sourceTree = "<group>"; };
		2EA436B61D00BBE1007EEFB1 /* The_Amazing_JugglerUITests.xctest */ = {isa = PBXFileReference; explicitFileType = wrapper.cfbundle; includeInIndex = 0; path = The_Amazing_JugglerUITests.xctest; sourceTree = BUILT_PRODUCTS_DIR; };
		2EA436BA1D00BBE1007EEFB1 /* The_Amazing_JugglerUITests.swift */ = {isa = PBXFileReference; lastKnownFileType = sourcecode.swift; path = The_Amazing_JugglerUITests.swift; sourceTree = "<group>"; };
		2EA436BC1D00BBE1007EEFB1 /* Info.plist */ = {isa = PBXFileReference; lastKnownFileType = text.plist.xml; path = Info.plist; sourceTree = "<group>"; };
		2EA436C81D00BC40007EEFB1 /* MenuViewController.swift */ = {isa = PBXFileReference; fileEncoding = 4; lastKnownFileType = sourcecode.swift; path = MenuViewController.swift; sourceTree = "<group>"; };
		2EA436C91D00BC40007EEFB1 /* MenuViewController.xib */ = {isa = PBXFileReference; fileEncoding = 4; lastKnownFileType = file.xib; path = MenuViewController.xib; sourceTree = "<group>"; };
		2EA436CE1D00BC59007EEFB1 /* GameViewController.swift */ = {isa = PBXFileReference; fileEncoding = 4; lastKnownFileType = sourcecode.swift; path = GameViewController.swift; sourceTree = "<group>"; };
		2EA436CF1D00BC59007EEFB1 /* GameViewController.xib */ = {isa = PBXFileReference; fileEncoding = 4; lastKnownFileType = file.xib; path = GameViewController.xib; sourceTree = "<group>"; };
		2EA436D31D00BC8D007EEFB1 /* GameScene.swift */ = {isa = PBXFileReference; fileEncoding = 4; lastKnownFileType = sourcecode.swift; path = GameScene.swift; sourceTree = "<group>"; };
		2EA436D71D00BD14007EEFB1 /* MenuViewController+UITouch.swift */ = {isa = PBXFileReference; fileEncoding = 4; lastKnownFileType = sourcecode.swift; path = "MenuViewController+UITouch.swift"; sourceTree = "<group>"; };
		2EA436D91D00BDD6007EEFB1 /* GameViewController+SKScene.swift */ = {isa = PBXFileReference; fileEncoding = 4; lastKnownFileType = sourcecode.swift; path = "GameViewController+SKScene.swift"; sourceTree = "<group>"; };
		2EA436DB1D00BFF7007EEFB1 /* GameScene+SKNode.swift */ = {isa = PBXFileReference; fileEncoding = 4; lastKnownFileType = sourcecode.swift; path = "GameScene+SKNode.swift"; sourceTree = "<group>"; };
		2EA436DD1D00C056007EEFB1 /* PlayerNode.swift */ = {isa = PBXFileReference; fileEncoding = 4; lastKnownFileType = sourcecode.swift; path = PlayerNode.swift; sourceTree = "<group>"; };
		2EA436DF1D00C4A7007EEFB1 /* GameScene+UITouch.swift */ = {isa = PBXFileReference; fileEncoding = 4; lastKnownFileType = sourcecode.swift; path = "GameScene+UITouch.swift"; sourceTree = "<group>"; };
		2EA436E11D00C77B007EEFB1 /* EasyTimer.swift */ = {isa = PBXFileReference; fileEncoding = 4; lastKnownFileType = sourcecode.swift; path = EasyTimer.swift; sourceTree = "<group>"; };
		2EA436E21D00C77B007EEFB1 /* EasyTimerTimeInterval.swift */ = {isa = PBXFileReference; fileEncoding = 4; lastKnownFileType = sourcecode.swift; path = EasyTimerTimeInterval.swift; sourceTree = "<group>"; };
		2EA436E71D00CBD8007EEFB1 /* GameScene+SKPhysicsContact.swift */ = {isa = PBXFileReference; fileEncoding = 4; lastKnownFileType = sourcecode.swift; path = "GameScene+SKPhysicsContact.swift"; sourceTree = "<group>"; };
		2EA436E91D00D3F4007EEFB1 /* GameViewController+GameScene.swift */ = {isa = PBXFileReference; fileEncoding = 4; lastKnownFileType = sourcecode.swift; path = "GameViewController+GameScene.swift"; sourceTree = "<group>"; };
/* End PBXFileReference section */

/* Begin PBXFrameworksBuildPhase section */
		2EA436941D00BBE1007EEFB1 /* Frameworks */ = {
			isa = PBXFrameworksBuildPhase;
			buildActionMask = 2147483647;
			files = (
			);
			runOnlyForDeploymentPostprocessing = 0;
		};
		2EA436A81D00BBE1007EEFB1 /* Frameworks */ = {
			isa = PBXFrameworksBuildPhase;
			buildActionMask = 2147483647;
			files = (
			);
			runOnlyForDeploymentPostprocessing = 0;
		};
		2EA436B31D00BBE1007EEFB1 /* Frameworks */ = {
			isa = PBXFrameworksBuildPhase;
			buildActionMask = 2147483647;
			files = (
			);
			runOnlyForDeploymentPostprocessing = 0;
		};
/* End PBXFrameworksBuildPhase section */

/* Begin PBXGroup section */
		2EA4368E1D00BBE1007EEFB1 = {
			isa = PBXGroup;
			children = (
				2EA436991D00BBE1007EEFB1 /* The_Amazing_Juggler */,
				2EA436AE1D00BBE1007EEFB1 /* The_Amazing_JugglerTests */,
				2EA436B91D00BBE1007EEFB1 /* The_Amazing_JugglerUITests */,
				2EA436981D00BBE1007EEFB1 /* Products */,
			);
			sourceTree = "<group>";
		};
		2EA436981D00BBE1007EEFB1 /* Products */ = {
			isa = PBXGroup;
			children = (
				2EA436971D00BBE1007EEFB1 /* The_Amazing_Juggler.app */,
				2EA436AB1D00BBE1007EEFB1 /* The_Amazing_JugglerTests.xctest */,
				2EA436B61D00BBE1007EEFB1 /* The_Amazing_JugglerUITests.xctest */,
			);
			name = Products;
			sourceTree = "<group>";
		};
		2EA436991D00BBE1007EEFB1 /* The_Amazing_Juggler */ = {
			isa = PBXGroup;
			children = (
				2EA4369A1D00BBE1007EEFB1 /* AppDelegate.swift */,
				2EA436E61D00C785007EEFB1 /* Libs */,
				2EA436CD1D00BC4B007EEFB1 /* Controllers */,
				2EA436D51D00BC9A007EEFB1 /* Game */,
				2EA436A11D00BBE1007EEFB1 /* Assets.xcassets */,
				2EA436A31D00BBE1007EEFB1 /* LaunchScreen.storyboard */,
				2EA436A61D00BBE1007EEFB1 /* Info.plist */,
			);
			path = The_Amazing_Juggler;
			sourceTree = "<group>";
		};
		2EA436AE1D00BBE1007EEFB1 /* The_Amazing_JugglerTests */ = {
			isa = PBXGroup;
			children = (
				2EA436AF1D00BBE1007EEFB1 /* The_Amazing_JugglerTests.swift */,
				2EA436B11D00BBE1007EEFB1 /* Info.plist */,
			);
			path = The_Amazing_JugglerTests;
			sourceTree = "<group>";
		};
		2EA436B91D00BBE1007EEFB1 /* The_Amazing_JugglerUITests */ = {
			isa = PBXGroup;
			children = (
				2EA436BA1D00BBE1007EEFB1 /* The_Amazing_JugglerUITests.swift */,
				2EA436BC1D00BBE1007EEFB1 /* Info.plist */,
			);
			path = The_Amazing_JugglerUITests;
			sourceTree = "<group>";
		};
		2EA436CC1D00BC43007EEFB1 /* Menu */ = {
			isa = PBXGroup;
			children = (
				2EA436C81D00BC40007EEFB1 /* MenuViewController.swift */,
				2EA436D71D00BD14007EEFB1 /* MenuViewController+UITouch.swift */,
				2EA436C91D00BC40007EEFB1 /* MenuViewController.xib */,
			);
			name = Menu;
			sourceTree = "<group>";
		};
		2EA436CD1D00BC4B007EEFB1 /* Controllers */ = {
			isa = PBXGroup;
			children = (
				2EA436CC1D00BC43007EEFB1 /* Menu */,
				2EA436D21D00BC5D007EEFB1 /* Game */,
			);
			name = Controllers;
			sourceTree = "<group>";
		};
		2EA436D21D00BC5D007EEFB1 /* Game */ = {
			isa = PBXGroup;
			children = (
				2EA436CE1D00BC59007EEFB1 /* GameViewController.swift */,
				2EA436D91D00BDD6007EEFB1 /* GameViewController+SKScene.swift */,
				2EA436E91D00D3F4007EEFB1 /* GameViewController+GameScene.swift */,
				2EA436CF1D00BC59007EEFB1 /* GameViewController.xib */,
			);
			name = Game;
			sourceTree = "<group>";
		};
		2EA436D51D00BC9A007EEFB1 /* Game */ = {
			isa = PBXGroup;
			children = (
				2EA436DD1D00C056007EEFB1 /* PlayerNode.swift */,
				2EA436D61D00BCA5007EEFB1 /* Scenes */,
			);
			name = Game;
			sourceTree = "<group>";
		};
		2EA436D61D00BCA5007EEFB1 /* Scenes */ = {
			isa = PBXGroup;
			children = (
				2EA436D31D00BC8D007EEFB1 /* GameScene.swift */,
				2EA436DB1D00BFF7007EEFB1 /* GameScene+SKNode.swift */,
				2EA436DF1D00C4A7007EEFB1 /* GameScene+UITouch.swift */,
				2EA436E71D00CBD8007EEFB1 /* GameScene+SKPhysicsContact.swift */,
			);
			name = Scenes;
			sourceTree = "<group>";
		};
		2EA436E51D00C77F007EEFB1 /* Easy Timer */ = {
			isa = PBXGroup;
			children = (
				2EA436E11D00C77B007EEFB1 /* EasyTimer.swift */,
				2EA436E21D00C77B007EEFB1 /* EasyTimerTimeInterval.swift */,
			);
			name = "Easy Timer";
			sourceTree = "<group>";
		};
		2EA436E61D00C785007EEFB1 /* Libs */ = {
			isa = PBXGroup;
			children = (
				2EA436E51D00C77F007EEFB1 /* Easy Timer */,
			);
			name = Libs;
			sourceTree = "<group>";
		};
/* End PBXGroup section */

/* Begin PBXNativeTarget section */
		2EA436961D00BBE1007EEFB1 /* The_Amazing_Juggler */ = {
			isa = PBXNativeTarget;
			buildConfigurationList = 2EA436BF1D00BBE1007EEFB1 /* Build configuration list for PBXNativeTarget "The_Amazing_Juggler" */;
			buildPhases = (
				2EA436931D00BBE1007EEFB1 /* Sources */,
				2EA436941D00BBE1007EEFB1 /* Frameworks */,
				2EA436951D00BBE1007EEFB1 /* Resources */,
			);
			buildRules = (
			);
			dependencies = (
			);
			name = The_Amazing_Juggler;
			productName = The_Amazing_Juggler;
			productReference = 2EA436971D00BBE1007EEFB1 /* The_Amazing_Juggler.app */;
			productType = "com.apple.product-type.application";
		};
		2EA436AA1D00BBE1007EEFB1 /* The_Amazing_JugglerTests */ = {
			isa = PBXNativeTarget;
			buildConfigurationList = 2EA436C21D00BBE1007EEFB1 /* Build configuration list for PBXNativeTarget "The_Amazing_JugglerTests" */;
			buildPhases = (
				2EA436A71D00BBE1007EEFB1 /* Sources */,
				2EA436A81D00BBE1007EEFB1 /* Frameworks */,
				2EA436A91D00BBE1007EEFB1 /* Resources */,
			);
			buildRules = (
			);
			dependencies = (
				2EA436AD1D00BBE1007EEFB1 /* PBXTargetDependency */,
			);
			name = The_Amazing_JugglerTests;
			productName = The_Amazing_JugglerTests;
			productReference = 2EA436AB1D00BBE1007EEFB1 /* The_Amazing_JugglerTests.xctest */;
			productType = "com.apple.product-type.bundle.unit-test";
		};
		2EA436B51D00BBE1007EEFB1 /* The_Amazing_JugglerUITests */ = {
			isa = PBXNativeTarget;
			buildConfigurationList = 2EA436C51D00BBE1007EEFB1 /* Build configuration list for PBXNativeTarget "The_Amazing_JugglerUITests" */;
			buildPhases = (
				2EA436B21D00BBE1007EEFB1 /* Sources */,
				2EA436B31D00BBE1007EEFB1 /* Frameworks */,
				2EA436B41D00BBE1007EEFB1 /* Resources */,
			);
			buildRules = (
			);
			dependencies = (
				2EA436B81D00BBE1007EEFB1 /* PBXTargetDependency */,
			);
			name = The_Amazing_JugglerUITests;
			productName = The_Amazing_JugglerUITests;
			productReference = 2EA436B61D00BBE1007EEFB1 /* The_Amazing_JugglerUITests.xctest */;
			productType = "com.apple.product-type.bundle.ui-testing";
		};
/* End PBXNativeTarget section */

/* Begin PBXProject section */
		2EA4368F1D00BBE1007EEFB1 /* Project object */ = {
			isa = PBXProject;
			attributes = {
				LastSwiftUpdateCheck = 0730;
				LastUpgradeCheck = 0730;
				ORGANIZATIONNAME = "Greyson Wright";
				TargetAttributes = {
					2EA436961D00BBE1007EEFB1 = {
						CreatedOnToolsVersion = 7.3.1;
					};
					2EA436AA1D00BBE1007EEFB1 = {
						CreatedOnToolsVersion = 7.3.1;
						TestTargetID = 2EA436961D00BBE1007EEFB1;
					};
					2EA436B51D00BBE1007EEFB1 = {
						CreatedOnToolsVersion = 7.3.1;
						TestTargetID = 2EA436961D00BBE1007EEFB1;
					};
				};
			};
			buildConfigurationList = 2EA436921D00BBE1007EEFB1 /* Build configuration list for PBXProject "The_Amazing_Juggler" */;
			compatibilityVersion = "Xcode 3.2";
			developmentRegion = English;
			hasScannedForEncodings = 0;
			knownRegions = (
				en,
				Base,
			);
			mainGroup = 2EA4368E1D00BBE1007EEFB1;
			productRefGroup = 2EA436981D00BBE1007EEFB1 /* Products */;
			projectDirPath = "";
			projectRoot = "";
			targets = (
				2EA436961D00BBE1007EEFB1 /* The_Amazing_Juggler */,
				2EA436AA1D00BBE1007EEFB1 /* The_Amazing_JugglerTests */,
				2EA436B51D00BBE1007EEFB1 /* The_Amazing_JugglerUITests */,
			);
		};
/* End PBXProject section */

/* Begin PBXResourcesBuildPhase section */
		2EA436951D00BBE1007EEFB1 /* Resources */ = {
			isa = PBXResourcesBuildPhase;
			buildActionMask = 2147483647;
			files = (
				2EA436D11D00BC59007EEFB1 /* GameViewController.xib in Resources */,
				2EA436A51D00BBE1007EEFB1 /* LaunchScreen.storyboard in Resources */,
				2EA436CB1D00BC40007EEFB1 /* MenuViewController.xib in Resources */,
				2EA436A21D00BBE1007EEFB1 /* Assets.xcassets in Resources */,
			);
			runOnlyForDeploymentPostprocessing = 0;
		};
		2EA436A91D00BBE1007EEFB1 /* Resources */ = {
			isa = PBXResourcesBuildPhase;
			buildActionMask = 2147483647;
			files = (
			);
			runOnlyForDeploymentPostprocessing = 0;
		};
		2EA436B41D00BBE1007EEFB1 /* Resources */ = {
			isa = PBXResourcesBuildPhase;
			buildActionMask = 2147483647;
			files = (
			);
			runOnlyForDeploymentPostprocessing = 0;
		};
/* End PBXResourcesBuildPhase section */

/* Begin PBXSourcesBuildPhase section */
		2EA436931D00BBE1007EEFB1 /* Sources */ = {
			isa = PBXSourcesBuildPhase;
			buildActionMask = 2147483647;
			files = (
				2EA436E01D00C4A7007EEFB1 /* GameScene+UITouch.swift in Sources */,
				2EA436DA1D00BDD6007EEFB1 /* GameViewController+SKScene.swift in Sources */,
				2EA436EA1D00D3F4007EEFB1 /* GameViewController+GameScene.swift in Sources */,
				2EA436DC1D00BFF7007EEFB1 /* GameScene+SKNode.swift in Sources */,
				2EA4369B1D00BBE1007EEFB1 /* AppDelegate.swift in Sources */,
				2EA436D01D00BC59007EEFB1 /* GameViewController.swift in Sources */,
				2EA436D81D00BD14007EEFB1 /* MenuViewController+UITouch.swift in Sources */,
				2EA436D41D00BC8D007EEFB1 /* GameScene.swift in Sources */,
				2EA436E41D00C77B007EEFB1 /* EasyTimerTimeInterval.swift in Sources */,
				2EA436DE1D00C056007EEFB1 /* PlayerNode.swift in Sources */,
				2EA436CA1D00BC40007EEFB1 /* MenuViewController.swift in Sources */,
				2EA436E81D00CBD8007EEFB1 /* GameScene+SKPhysicsContact.swift in Sources */,
				2EA436E31D00C77B007EEFB1 /* EasyTimer.swift in Sources */,
			);
			runOnlyForDeploymentPostprocessing = 0;
		};
		2EA436A71D00BBE1007EEFB1 /* Sources */ = {
			isa = PBXSourcesBuildPhase;
			buildActionMask = 2147483647;
			files = (
				2EA436B01D00BBE1007EEFB1 /* The_Amazing_JugglerTests.swift in Sources */,
			);
			runOnlyForDeploymentPostprocessing = 0;
		};
		2EA436B21D00BBE1007EEFB1 /* Sources */ = {
			isa = PBXSourcesBuildPhase;
			buildActionMask = 2147483647;
			files = (
				2EA436BB1D00BBE1007EEFB1 /* The_Amazing_JugglerUITests.swift in Sources */,
			);
			runOnlyForDeploymentPostprocessing = 0;
		};
/* End PBXSourcesBuildPhase section */

/* Begin PBXTargetDependency section */
		2EA436AD1D00BBE1007EEFB1 /* PBXTargetDependency */ = {
			isa = PBXTargetDependency;
			target = 2EA436961D00BBE1007EEFB1 /* The_Amazing_Juggler */;
			targetProxy = 2EA436AC1D00BBE1007EEFB1 /* PBXContainerItemProxy */;
		};
		2EA436B81D00BBE1007EEFB1 /* PBXTargetDependency */ = {
			isa = PBXTargetDependency;
			target = 2EA436961D00BBE1007EEFB1 /* The_Amazing_Juggler */;
			targetProxy = 2EA436B71D00BBE1007EEFB1 /* PBXContainerItemProxy */;
		};
/* End PBXTargetDependency section */

/* Begin PBXVariantGroup section */
		2EA436A31D00BBE1007EEFB1 /* LaunchScreen.storyboard */ = {
			isa = PBXVariantGroup;
			children = (
				2EA436A41D00BBE1007EEFB1 /* Base */,
			);
			name = LaunchScreen.storyboard;
			sourceTree = "<group>";
		};
/* End PBXVariantGroup section */

/* Begin XCBuildConfiguration section */
		2EA436BD1D00BBE1007EEFB1 /* Debug */ = {
			isa = XCBuildConfiguration;
			buildSettings = {
				ALWAYS_SEARCH_USER_PATHS = NO;
				CLANG_ANALYZER_NONNULL = YES;
				CLANG_CXX_LANGUAGE_STANDARD = "gnu++0x";
				CLANG_CXX_LIBRARY = "libc++";
				CLANG_ENABLE_MODULES = YES;
				CLANG_ENABLE_OBJC_ARC = YES;
				CLANG_WARN_BOOL_CONVERSION = YES;
				CLANG_WARN_CONSTANT_CONVERSION = YES;
				CLANG_WARN_DIRECT_OBJC_ISA_USAGE = YES_ERROR;
				CLANG_WARN_EMPTY_BODY = YES;
				CLANG_WARN_ENUM_CONVERSION = YES;
				CLANG_WARN_INT_CONVERSION = YES;
				CLANG_WARN_OBJC_ROOT_CLASS = YES_ERROR;
				CLANG_WARN_UNREACHABLE_CODE = YES;
				CLANG_WARN__DUPLICATE_METHOD_MATCH = YES;
				"CODE_SIGN_IDENTITY[sdk=iphoneos*]" = "iPhone Developer";
				COPY_PHASE_STRIP = NO;
				DEBUG_INFORMATION_FORMAT = dwarf;
				ENABLE_STRICT_OBJC_MSGSEND = YES;
				ENABLE_TESTABILITY = YES;
				GCC_C_LANGUAGE_STANDARD = gnu99;
				GCC_DYNAMIC_NO_PIC = NO;
				GCC_NO_COMMON_BLOCKS = YES;
				GCC_OPTIMIZATION_LEVEL = 0;
				GCC_PREPROCESSOR_DEFINITIONS = (
					"DEBUG=1",
					"$(inherited)",
				);
				GCC_WARN_64_TO_32_BIT_CONVERSION = YES;
				GCC_WARN_ABOUT_RETURN_TYPE = YES_ERROR;
				GCC_WARN_UNDECLARED_SELECTOR = YES;
				GCC_WARN_UNINITIALIZED_AUTOS = YES_AGGRESSIVE;
				GCC_WARN_UNUSED_FUNCTION = YES;
				GCC_WARN_UNUSED_VARIABLE = YES;
				IPHONEOS_DEPLOYMENT_TARGET = 9.3;
				MTL_ENABLE_DEBUG_INFO = YES;
				ONLY_ACTIVE_ARCH = YES;
				SDKROOT = iphoneos;
				SWIFT_OPTIMIZATION_LEVEL = "-Onone";
				TARGETED_DEVICE_FAMILY = "1,2";
			};
			name = Debug;
		};
		2EA436BE1D00BBE1007EEFB1 /* Release */ = {
			isa = XCBuildConfiguration;
			buildSettings = {
				ALWAYS_SEARCH_USER_PATHS = NO;
				CLANG_ANALYZER_NONNULL = YES;
				CLANG_CXX_LANGUAGE_STANDARD = "gnu++0x";
				CLANG_CXX_LIBRARY = "libc++";
				CLANG_ENABLE_MODULES = YES;
				CLANG_ENABLE_OBJC_ARC = YES;
				CLANG_WARN_BOOL_CONVERSION = YES;
				CLANG_WARN_CONSTANT_CONVERSION = YES;
				CLANG_WARN_DIRECT_OBJC_ISA_USAGE = YES_ERROR;
				CLANG_WARN_EMPTY_BODY = YES;
				CLANG_WARN_ENUM_CONVERSION = YES;
				CLANG_WARN_INT_CONVERSION = YES;
				CLANG_WARN_OBJC_ROOT_CLASS = YES_ERROR;
				CLANG_WARN_UNREACHABLE_CODE = YES;
				CLANG_WARN__DUPLICATE_METHOD_MATCH = YES;
				"CODE_SIGN_IDENTITY[sdk=iphoneos*]" = "iPhone Developer";
				COPY_PHASE_STRIP = NO;
				DEBUG_INFORMATION_FORMAT = "dwarf-with-dsym";
				ENABLE_NS_ASSERTIONS = NO;
				ENABLE_STRICT_OBJC_MSGSEND = YES;
				GCC_C_LANGUAGE_STANDARD = gnu99;
				GCC_NO_COMMON_BLOCKS = YES;
				GCC_WARN_64_TO_32_BIT_CONVERSION = YES;
				GCC_WARN_ABOUT_RETURN_TYPE = YES_ERROR;
				GCC_WARN_UNDECLARED_SELECTOR = YES;
				GCC_WARN_UNINITIALIZED_AUTOS = YES_AGGRESSIVE;
				GCC_WARN_UNUSED_FUNCTION = YES;
				GCC_WARN_UNUSED_VARIABLE = YES;
				IPHONEOS_DEPLOYMENT_TARGET = 9.3;
				MTL_ENABLE_DEBUG_INFO = NO;
				SDKROOT = iphoneos;
				TARGETED_DEVICE_FAMILY = "1,2";
				VALIDATE_PRODUCT = YES;
			};
			name = Release;
		};
		2EA436C01D00BBE1007EEFB1 /* Debug */ = {
			isa = XCBuildConfiguration;
			buildSettings = {
				ASSETCATALOG_COMPILER_APPICON_NAME = AppIcon;
				INFOPLIST_FILE = The_Amazing_Juggler/Info.plist;
				IPHONEOS_DEPLOYMENT_TARGET = 9;
				LD_RUNPATH_SEARCH_PATHS = "$(inherited) @executable_path/Frameworks";
				PRODUCT_BUNDLE_IDENTIFIER = "silentdoorhinges.The-Amazing-Juggler";
				PRODUCT_NAME = "$(TARGET_NAME)";
			};
			name = Debug;
		};
		2EA436C11D00BBE1007EEFB1 /* Release */ = {
			isa = XCBuildConfiguration;
			buildSettings = {
				ASSETCATALOG_COMPILER_APPICON_NAME = AppIcon;
				INFOPLIST_FILE = The_Amazing_Juggler/Info.plist;
				IPHONEOS_DEPLOYMENT_TARGET = 9;
				LD_RUNPATH_SEARCH_PATHS = "$(inherited) @executable_path/Frameworks";
				PRODUCT_BUNDLE_IDENTIFIER = "silentdoorhinges.The-Amazing-Juggler";
				PRODUCT_NAME = "$(TARGET_NAME)";
			};
			name = Release;
		};
		2EA436C31D00BBE1007EEFB1 /* Debug */ = {
			isa = XCBuildConfiguration;
			buildSettings = {
				BUNDLE_LOADER = "$(TEST_HOST)";
				INFOPLIST_FILE = The_Amazing_JugglerTests/Info.plist;
				LD_RUNPATH_SEARCH_PATHS = "$(inherited) @executable_path/Frameworks @loader_path/Frameworks";
				PRODUCT_BUNDLE_IDENTIFIER = "silentdoorhinges.The-Amazing-JugglerTests";
				PRODUCT_NAME = "$(TARGET_NAME)";
				TEST_HOST = "$(BUILT_PRODUCTS_DIR)/The_Amazing_Juggler.app/The_Amazing_Juggler";
			};
			name = Debug;
		};
		2EA436C41D00BBE1007EEFB1 /* Release */ = {
			isa = XCBuildConfiguration;
			buildSettings = {
				BUNDLE_LOADER = "$(TEST_HOST)";
				INFOPLIST_FILE = The_Amazing_JugglerTests/Info.plist;
				LD_RUNPATH_SEARCH_PATHS = "$(inherited) @executable_path/Frameworks @loader_path/Frameworks";
				PRODUCT_BUNDLE_IDENTIFIER = "silentdoorhinges.The-Amazing-JugglerTests";
				PRODUCT_NAME = "$(TARGET_NAME)";
				TEST_HOST = "$(BUILT_PRODUCTS_DIR)/The_Amazing_Juggler.app/The_Amazing_Juggler";
			};
			name = Release;
		};
		2EA436C61D00BBE1007EEFB1 /* Debug */ = {
			isa = XCBuildConfiguration;
			buildSettings = {
				INFOPLIST_FILE = The_Amazing_JugglerUITests/Info.plist;
				LD_RUNPATH_SEARCH_PATHS = "$(inherited) @executable_path/Frameworks @loader_path/Frameworks";
				PRODUCT_BUNDLE_IDENTIFIER = "silentdoorhinges.The-Amazing-JugglerUITests";
				PRODUCT_NAME = "$(TARGET_NAME)";
				TEST_TARGET_NAME = The_Amazing_Juggler;
			};
			name = Debug;
		};
		2EA436C71D00BBE1007EEFB1 /* Release */ = {
			isa = XCBuildConfiguration;
			buildSettings = {
				INFOPLIST_FILE = The_Amazing_JugglerUITests/Info.plist;
				LD_RUNPATH_SEARCH_PATHS = "$(inherited) @executable_path/Frameworks @loader_path/Frameworks";
				PRODUCT_BUNDLE_IDENTIFIER = "silentdoorhinges.The-Amazing-JugglerUITests";
				PRODUCT_NAME = "$(TARGET_NAME)";
				TEST_TARGET_NAME = The_Amazing_Juggler;
			};
			name = Release;
		};
/* End XCBuildConfiguration section */

/* Begin XCConfigurationList section */
		2EA436921D00BBE1007EEFB1 /* Build configuration list for PBXProject "The_Amazing_Juggler" */ = {
			isa = XCConfigurationList;
			buildConfigurations = (
				2EA436BD1D00BBE1007EEFB1 /* Debug */,
				2EA436BE1D00BBE1007EEFB1 /* Release */,
			);
			defaultConfigurationIsVisible = 0;
			defaultConfigurationName = Release;
		};
		2EA436BF1D00BBE1007EEFB1 /* Build configuration list for PBXNativeTarget "The_Amazing_Juggler" */ = {
			isa = XCConfigurationList;
			buildConfigurations = (
				2EA436C01D00BBE1007EEFB1 /* Debug */,
				2EA436C11D00BBE1007EEFB1 /* Release */,
			);
			defaultConfigurationIsVisible = 0;
			defaultConfigurationName = Release;
		};
		2EA436C21D00BBE1007EEFB1 /* Build configuration list for PBXNativeTarget "The_Amazing_JugglerTests" */ = {
			isa = XCConfigurationList;
			buildConfigurations = (
				2EA436C31D00BBE1007EEFB1 /* Debug */,
				2EA436C41D00BBE1007EEFB1 /* Release */,
			);
			defaultConfigurationIsVisible = 0;
			defaultConfigurationName = Release;
		};
		2EA436C51D00BBE1007EEFB1 /* Build configuration list for PBXNativeTarget "The_Amazing_JugglerUITests" */ = {
			isa = XCConfigurationList;
			buildConfigurations = (
				2EA436C61D00BBE1007EEFB1 /* Debug */,
				2EA436C71D00BBE1007EEFB1 /* Release */,
			);
			defaultConfigurationIsVisible = 0;
			defaultConfigurationName = Release;
		};
/* End XCConfigurationList section */
	};
	rootObject = 2EA4368F1D00BBE1007EEFB1 /* Project object */;
}
